
Microsoft Visual Studio Solution File, Format Version 12.00
# Visual Studio Version 16
VisualStudioVersion = 16.0.28803.202
MinimumVisualStudioVersion = 10.0.40219.1
Project("{9A19103F-16F7-4668-BE54-9A1E7A4F7556}") = "AwesomeProgram.Core", "AwesomeProgram.Core\AwesomeProgram.Core.csproj", "{BAE66A68-C2BE-4D2B-9A99-24260A3697E0}"
EndProject
Project("{9A19103F-16F7-4668-BE54-9A1E7A4F7556}") = "AwesomeProgram.Base", "AwesomeProgram.Base\AwesomeProgram.Base.csproj", "{7C5CC2A3-9CB2-49BC-9489-CE3585DFCEF9}"
EndProject
Project("{9A19103F-16F7-4668-BE54-9A1E7A4F7556}") = "AwesomeProgram.Runner", "AwesomeProgram.Runner\AwesomeProgram.Runner.csproj", "{3DCCDFA3-2BC1-452A-BB64-40776A43201A}"
EndProject
Project("{2150E333-8FDC-42A3-9474-1A3956D46DE8}") = "Configuration", "Configuration", "{2C756F01-3470-4B5D-B08D-55077E520FCA}"
	ProjectSection(SolutionItems) = preProject
		Configuration\app_config.yml = Configuration\app_config.yml
		Configuration\autofac_config.json = Configuration\autofac_config.json
	EndProjectSection
EndProject
Project("{9A19103F-16F7-4668-BE54-9A1E7A4F7556}") = "AwesomeProgram.Common", "AwesomeProgram.Common\AwesomeProgram.Common.csproj", "{0D62C5FE-BF07-492F-9D8B-344793D39921}"
EndProject
Global
	GlobalSection(SolutionConfigurationPlatforms) = preSolution
		Debug|Any CPU = Debug|Any CPU
		Release|Any CPU = Release|Any CPU
	EndGlobalSection
	GlobalSection(ProjectConfigurationPlatforms) = postSolution
		{BAE66A68-C2BE-4D2B-9A99-24260A3697E0}.Debug|Any CPU.ActiveCfg = Debug|Any CPU
		{BAE66A68-C2BE-4D2B-9A99-24260A3697E0}.Debug|Any CPU.Build.0 = Debug|Any CPU
		{BAE66A68-C2BE-4D2B-9A99-24260A3697E0}.Release|Any CPU.ActiveCfg = Release|Any CPU
		{BAE66A68-C2BE-4D2B-9A99-24260A3697E0}.Release|Any CPU.Build.0 = Release|Any CPU
		{7C5CC2A3-9CB2-49BC-9489-CE3585DFCEF9}.Debug|Any CPU.ActiveCfg = Debug|Any CPU
		{7C5CC2A3-9CB2-49BC-9489-CE3585DFCEF9}.Debug|Any CPU.Build.0 = Debug|Any CPU
		{7C5CC2A3-9CB2-49BC-9489-CE3585DFCEF9}.Release|Any CPU.ActiveCfg = Release|Any CPU
		{7C5CC2A3-9CB2-49BC-9489-CE3585DFCEF9}.Release|Any CPU.Build.0 = Release|Any CPU
		{3DCCDFA3-2BC1-452A-BB64-40776A43201A}.Debug|Any CPU.ActiveCfg = Debug|Any CPU
		{3DCCDFA3-2BC1-452A-BB64-40776A43201A}.Debug|Any CPU.Build.0 = Debug|Any CPU
		{3DCCDFA3-2BC1-452A-BB64-40776A43201A}.Release|Any CPU.ActiveCfg = Release|Any CPU
		{3DCCDFA3-2BC1-452A-BB64-40776A43201A}.Release|Any CPU.Build.0 = Release|Any CPU
		{0D62C5FE-BF07-492F-9D8B-344793D39921}.Debug|Any CPU.ActiveCfg = Debug|Any CPU
		{0D62C5FE-BF07-492F-9D8B-344793D39921}.Debug|Any CPU.Build.0 = Debug|Any CPU
		{0D62C5FE-BF07-492F-9D8B-344793D39921}.Release|Any CPU.ActiveCfg = Release|Any CPU
		{0D62C5FE-BF07-492F-9D8B-344793D39921}.Release|Any CPU.Build.0 = Release|Any CPU
	EndGlobalSection
	GlobalSection(SolutionProperties) = preSolution
		HideSolutionNode = FALSE
	EndGlobalSection
	GlobalSection(ExtensibilityGlobals) = postSolution
		SolutionGuid = {DA80D9A9-FC2B-472E-85EB-AFD6FFCFA913}
	EndGlobalSection
EndGlobal
